
Microsoft Visual Studio Solution File, Format Version 12.00
# Visual Studio Version 16
VisualStudioVersion = 16.0.30621.155
MinimumVisualStudioVersion = 10.0.40219.1
Project("{FAE04EC0-301F-11D3-BF4B-00C04F79EFBC}") = "SampleJenkinsProject", "SampleJenkinsProject\SampleJenkinsProject.csproj", "{393ADA41-66AA-447E-A584-9DC71AB2D3CD}"
EndProject
Global
	GlobalSection(SolutionConfigurationPlatforms) = preSolution
		Debug|Any CPU = Debug|Any CPU
		Release|Any CPU = Release|Any CPU
	EndGlobalSection
	GlobalSection(ProjectConfigurationPlatforms) = postSolution
		{393ADA41-66AA-447E-A584-9DC71AB2D3CD}.Debug|Any CPU.ActiveCfg = Debug|Any CPU
		{393ADA41-66AA-447E-A584-9DC71AB2D3CD}.Debug|Any CPU.Build.0 = Debug|Any CPU
		{393ADA41-66AA-447E-A584-9DC71AB2D3CD}.Release|Any CPU.ActiveCfg = Release|Any CPU
		{393ADA41-66AA-447E-A584-9DC71AB2D3CD}.Release|Any CPU.Build.0 = Release|Any CPU
	EndGlobalSection
	GlobalSection(SolutionProperties) = preSolution
		HideSolutionNode = FALSE
	EndGlobalSection
	GlobalSection(ExtensibilityGlobals) = postSolution
		SolutionGuid = {77B84844-509B-4E7F-834A-1887E790A449}
	EndGlobalSection
EndGlobal
